
Microsoft Visual Studio Solution File, Format Version 12.00
# Visual Studio Version 17
VisualStudioVersion = 17.14.36511.14 d17.14
MinimumVisualStudioVersion = 10.0.40219.1
Project("{FAE04EC0-301F-11D3-BF4B-00C04F79EFBC}") = "TeacherGraphApplication", "TeacherGraphApplication\TeacherGraphApplication.csproj", "{EF9102B0-DDA8-4163-B613-339997F2AACA}"
EndProject
Global
	GlobalSection(SolutionConfigurationPlatforms) = preSolution
		Debug|Any CPU = Debug|Any CPU
		Release|Any CPU = Release|Any CPU
	EndGlobalSection
	GlobalSection(ProjectConfigurationPlatforms) = postSolution
		{EF9102B0-DDA8-4163-B613-339997F2AACA}.Debug|Any CPU.ActiveCfg = Debug|Any CPU
		{EF9102B0-DDA8-4163-B613-339997F2AACA}.Debug|Any CPU.Build.0 = Debug|Any CPU
		{EF9102B0-DDA8-4163-B613-339997F2AACA}.Release|Any CPU.ActiveCfg = Release|Any CPU
		{EF9102B0-DDA8-4163-B613-339997F2AACA}.Release|Any CPU.Build.0 = Release|Any CPU
	EndGlobalSection
	GlobalSection(SolutionProperties) = preSolution
		HideSolutionNode = FALSE
	EndGlobalSection
	GlobalSection(ExtensibilityGlobals) = postSolution
		SolutionGuid = {AAD54DC6-91E7-4149-886E-AD3137D59F9E}
	EndGlobalSection
EndGlobal
